
Microsoft Visual Studio Solution File, Format Version 12.00
# Visual Studio Version 16
VisualStudioVersion = 16.0.30413.136
MinimumVisualStudioVersion = 10.0.40219.1
Project("{FAE04EC0-301F-11D3-BF4B-00C04F79EFBC}") = "BannerlordSystemTestingFramework", "BannerlordSystemTestingFramework\BannerlordSystemTestingFramework.csproj", "{68CEFB0C-37F7-4F86-8E8D-1D3BAF1E7277}"
EndProject
Project("{FAE04EC0-301F-11D3-BF4B-00C04F79EFBC}") = "BannerlordSystemTestingLibrary", "BannerlordSystemTestingLibrary\BannerlordSystemTestingLibrary.csproj", "{510EAA3B-CF7D-46F9-87AA-5CB89A4E3A01}"
EndProject
Global
	GlobalSection(SolutionConfigurationPlatforms) = preSolution
		Debug|Any CPU = Debug|Any CPU
		Release|Any CPU = Release|Any CPU
	EndGlobalSection
	GlobalSection(ProjectConfigurationPlatforms) = postSolution
		{68CEFB0C-37F7-4F86-8E8D-1D3BAF1E7277}.Debug|Any CPU.ActiveCfg = Release|Any CPU
		{68CEFB0C-37F7-4F86-8E8D-1D3BAF1E7277}.Debug|Any CPU.Build.0 = Release|Any CPU
		{68CEFB0C-37F7-4F86-8E8D-1D3BAF1E7277}.Release|Any CPU.ActiveCfg = Release|Any CPU
		{68CEFB0C-37F7-4F86-8E8D-1D3BAF1E7277}.Release|Any CPU.Build.0 = Release|Any CPU
		{510EAA3B-CF7D-46F9-87AA-5CB89A4E3A01}.Debug|Any CPU.ActiveCfg = Release|Any CPU
		{510EAA3B-CF7D-46F9-87AA-5CB89A4E3A01}.Debug|Any CPU.Build.0 = Release|Any CPU
		{510EAA3B-CF7D-46F9-87AA-5CB89A4E3A01}.Release|Any CPU.ActiveCfg = Release|Any CPU
		{510EAA3B-CF7D-46F9-87AA-5CB89A4E3A01}.Release|Any CPU.Build.0 = Release|Any CPU
	EndGlobalSection
	GlobalSection(SolutionProperties) = preSolution
		HideSolutionNode = FALSE
	EndGlobalSection
	GlobalSection(ExtensibilityGlobals) = postSolution
		SolutionGuid = {48B4A9F3-44A1-4508-B26E-FBEA338F6BDD}
	EndGlobalSection
EndGlobal
